<?xml version="1.0" encoding="utf-8"?>
<Project ToolsVersion="4.0" xmlns="http://schemas.microsoft.com/developer/msbuild/2003">
  <ItemGroup>
    <Filter Include="Source Files">
      <UniqueIdentifier>{4FC737F1-C7A5-4376-A066-2A32D752A2FF}</UniqueIdentifier>
      <Extensions>cpp;c;cc;cxx;def;odl;idl;hpj;bat;asm;asmx</Extensions>
    </Filter>
    <Filter Include="Header Files">
      <UniqueIdentifier>{93995380-89BD-4b04-88EB-625FBE52EBFB}</UniqueIdentifier>
      <Extensions>h;hpp;hxx;hm;inl;inc;xsd</Extensions>
    </Filter>
    <Filter Include="Resource Files">
      <UniqueIdentifier>{67DA6AB6-F800-4c08-8B7A-83BB121AAD01}</UniqueIdentifier>
      <Extensions>rc;ico;cur;bmp;dlg;rc2;rct;bin;rgs;gif;jpg;jpeg;jpe;resx;tiff;tif;png;wav;mfcribbon-ms</Extensions>
    </Filter>
  </ItemGroup>
  <ItemGroup>
    <None Include="ReadMe.txt" />
    <None Include="res\HBAAnalyzerPlayer.rc2">
      <Filter>Resource Files</Filter>
    </None>
    <None Include="res\HBAAnalyzerPlayer.ico">
      <Filter>Resource Files</Filter>
    </None>
    <None Include="res\bg_main.bmp">
      <Filter>Resource Files</Filter>
    </None>
    <None Include="res\bn_close.bmp">
      <Filter>Resource Files</Filter>
    </None>
    <None Include="res\bn_file_list_close.bmp">
      <Filter>Resource Files</Filter>
    </None>
    <None Include="res\bn_file_list_open.bmp">
      <Filter>Resource Files</Filter>
    </None>
    <None Include="res\bn_minimize.bmp">
      <Filter>Resource Files</Filter>
    </None>
    <None Include="res\bn_configure.bmp">
      <Filter>Resource Files</Filter>
    </None>
    <None Include="res\bn_file_open.bmp">
      <Filter>Resource Files</Filter>
    </None>
    <None Include="res\bn_forward.bmp">
      <Filter>Resource Files</Filter>
    </None>
    <None Include="res\bn_next_frame.bmp">
      <Filter>Resource Files</Filter>
    </None>
    <None Include="res\bn_pause.bmp">
      <Filter>Resource Files</Filter>
    </None>
    <None Include="res\bn_play.bmp">
      <Filter>Resource Files</Filter>
    </None>
    <None Include="res\bn_prev_file.bmp">
      <Filter>Resource Files</Filter>
    </None>
    <None Include="res\bn_prev_frame.bmp">
      <Filter>Resource Files</Filter>
    </None>
    <None Include="res\bn_rewind.bmp">
      <Filter>Resource Files</Filter>
    </None>
    <None Include="res\bn_stop.bmp">
      <Filter>Resource Files</Filter>
    </None>
    <None Include="res\bn_next_file.bmp">
      <Filter>Resource Files</Filter>
    </None>
  </ItemGroup>
  <ItemGroup>
    <ClInclude Include="DlgHBAAnalyzerPlayer.h">
      <Filter>Header Files</Filter>
    </ClInclude>
    <ClInclude Include="stdafx.h">
      <Filter>Header Files</Filter>
    </ClInclude>
    <ClInclude Include="targetver.h">
      <Filter>Header Files</Filter>
    </ClInclude>
    <ClInclude Include="Resource.h">
      <Filter>Header Files</Filter>
    </ClInclude>
    <ClInclude Include="AppHBAAnalyzerPlayer.h">
      <Filter>Header Files</Filter>
    </ClInclude>
    <ClInclude Include="CtlBitmapButton.h">
      <Filter>Header Files</Filter>
    </ClInclude>
  </ItemGroup>
  <ItemGroup>
    <ClCompile Include="DlgHBAAnalyzerPlayer.cpp">
      <Filter>Source Files</Filter>
    </ClCompile>
    <ClCompile Include="stdafx.cpp">
      <Filter>Source Files</Filter>
    </ClCompile>
    <ClCompile Include="AppHBAAnalyzerPlayer.cpp">
      <Filter>Source Files</Filter>
    </ClCompile>
    <ClCompile Include="CtlBitmapButton.cpp">
      <Filter>Source Files</Filter>
    </ClCompile>
  </ItemGroup>
  <ItemGroup>
    <ResourceCompile Include="HBAAnalyzerPlayer.rc">
      <Filter>Resource Files</Filter>
    </ResourceCompile>
  </ItemGroup>
</Project>